
Microsoft Visual Studio Solution File, Format Version 12.00
# Visual Studio 15
VisualStudioVersion = 15.0.28307.1800
MinimumVisualStudioVersion = 10.0.40219.1
Project("{8BC9CEB8-8B4A-11D0-8D11-00A0C91BC942}") = "1007", "1007.vcxproj", "{BC09F4DC-DA95-4231-BD48-EEAC6C9A5108}"
EndProject
Global
	GlobalSection(SolutionConfigurationPlatforms) = preSolution
		Debug|x64 = Debug|x64
		Debug|x86 = Debug|x86
		Release|x64 = Release|x64
		Release|x86 = Release|x86
	EndGlobalSection
	GlobalSection(ProjectConfigurationPlatforms) = postSolution
		{BC09F4DC-DA95-4231-BD48-EEAC6C9A5108}.Debug|x64.ActiveCfg = Debug|x64
		{BC09F4DC-DA95-4231-BD48-EEAC6C9A5108}.Debug|x64.Build.0 = Debug|x64
		{BC09F4DC-DA95-4231-BD48-EEAC6C9A5108}.Debug|x86.ActiveCfg = Debug|Win32
		{BC09F4DC-DA95-4231-BD48-EEAC6C9A5108}.Debug|x86.Build.0 = Debug|Win32
		{BC09F4DC-DA95-4231-BD48-EEAC6C9A5108}.Release|x64.ActiveCfg = Release|x64
		{BC09F4DC-DA95-4231-BD48-EEAC6C9A5108}.Release|x64.Build.0 = Release|x64
		{BC09F4DC-DA95-4231-BD48-EEAC6C9A5108}.Release|x86.ActiveCfg = Release|Win32
		{BC09F4DC-DA95-4231-BD48-EEAC6C9A5108}.Release|x86.Build.0 = Release|Win32
	EndGlobalSection
	GlobalSection(SolutionProperties) = preSolution
		HideSolutionNode = FALSE
	EndGlobalSection
	GlobalSection(ExtensibilityGlobals) = postSolution
		SolutionGuid = {05FFB636-800A-45F4-9613-2A7E7E5F4109}
	EndGlobalSection
EndGlobal
