
Microsoft Visual Studio Solution File, Format Version 12.00
# Visual Studio 15
VisualStudioVersion = 15.0.28307.1800
MinimumVisualStudioVersion = 10.0.40219.1
Project("{8BC9CEB8-8B4A-11D0-8D11-00A0C91BC942}") = "1020", "1020.vcxproj", "{AA63A638-F73E-4177-9FC7-81D72D8C1A66}"
EndProject
Global
	GlobalSection(SolutionConfigurationPlatforms) = preSolution
		Debug|x64 = Debug|x64
		Debug|x86 = Debug|x86
		Release|x64 = Release|x64
		Release|x86 = Release|x86
	EndGlobalSection
	GlobalSection(ProjectConfigurationPlatforms) = postSolution
		{AA63A638-F73E-4177-9FC7-81D72D8C1A66}.Debug|x64.ActiveCfg = Debug|x64
		{AA63A638-F73E-4177-9FC7-81D72D8C1A66}.Debug|x64.Build.0 = Debug|x64
		{AA63A638-F73E-4177-9FC7-81D72D8C1A66}.Debug|x86.ActiveCfg = Debug|Win32
		{AA63A638-F73E-4177-9FC7-81D72D8C1A66}.Debug|x86.Build.0 = Debug|Win32
		{AA63A638-F73E-4177-9FC7-81D72D8C1A66}.Release|x64.ActiveCfg = Release|x64
		{AA63A638-F73E-4177-9FC7-81D72D8C1A66}.Release|x64.Build.0 = Release|x64
		{AA63A638-F73E-4177-9FC7-81D72D8C1A66}.Release|x86.ActiveCfg = Release|Win32
		{AA63A638-F73E-4177-9FC7-81D72D8C1A66}.Release|x86.Build.0 = Release|Win32
	EndGlobalSection
	GlobalSection(SolutionProperties) = preSolution
		HideSolutionNode = FALSE
	EndGlobalSection
	GlobalSection(ExtensibilityGlobals) = postSolution
		SolutionGuid = {CAFEFBC6-2E17-4D4C-A54C-4F63B9B9D70F}
	EndGlobalSection
EndGlobal
